
Microsoft Visual Studio Solution File, Format Version 12.00
# Visual Studio 14
VisualStudioVersion = 14.0.25420.1
MinimumVisualStudioVersion = 10.0.40219.1
Project("{FAE04EC0-301F-11D3-BF4B-00C04F79EFBC}") = "XGENO.SeriesTracker", "XGENO.SeriesTracker\XGENO.SeriesTracker.csproj", "{750E9D1D-41B6-41F2-B76C-5BA36CAF3D97}"
EndProject
Project("{FAE04EC0-301F-11D3-BF4B-00C04F79EFBC}") = "XGENO.Framework", "..\XGENO.Framework.V2\XGENO.Framework\XGENO.Framework.csproj", "{4A2B7FE9-5DEE-4062-B478-61006DA2E57A}"
EndProject
Project("{FAE04EC0-301F-11D3-BF4B-00C04F79EFBC}") = "XGENO.Framework.Controls", "..\XGENO.Framework.Controls\XGENO.Framework.Controls.csproj", "{5754945E-EBFF-45B2-8C8C-A9C9709467DC}"
EndProject
Project("{8BC9CEB8-8B4A-11D0-8D11-00A0C91BC942}") = "HttpFilters", "..\HttpFilters\HttpFilters.vcxproj", "{DCD26505-40FB-4396-A9FC-92460E709480}"
EndProject
Project("{FAE04EC0-301F-11D3-BF4B-00C04F79EFBC}") = "XGENO.SeriesTracker.DataModels", "XGENO.SeriesTracker.DataModels\XGENO.SeriesTracker.DataModels.csproj", "{4E6425E9-BD49-4216-91B4-96759F7EAE4C}"
EndProject
Project("{FAE04EC0-301F-11D3-BF4B-00C04F79EFBC}") = "XGENO.SeriesTracker.Services", "XGENO.SeriesTracker.Services\XGENO.SeriesTracker.Services.csproj", "{D010C174-9DF6-45C7-A7AC-00786F7ADAC7}"
EndProject
Project("{FAE04EC0-301F-11D3-BF4B-00C04F79EFBC}") = "XGENO.UWP.Controls.RatingControl", "..\XGENO.UWP.Controls\XGENO.UWP.Controls.RatingControl\XGENO.UWP.Controls.RatingControl\XGENO.UWP.Controls.RatingControl.csproj", "{6EFB79E6-2D9A-4342-B944-5E2F3885CE41}"
EndProject
Project("{8BC9CEB8-8B4A-11D0-8D11-00A0C91BC942}") = "Microsoft.UI.Composition.Toolkit", "..\Microsoft.UI.Composition.Toolkit\Microsoft.UI.Composition.Toolkit.vcxproj", "{08A7D060-593A-4978-8DCC-B2029ACA7C95}"
EndProject
Project("{FAE04EC0-301F-11D3-BF4B-00C04F79EFBC}") = "XGENO.UWP.Controls.Images", "..\XGENO.UWP.Controls\XGENO.UWP.Controls.Images\XGENO.UWP.Controls.Images\XGENO.UWP.Controls.Images.csproj", "{5338A55C-F7F2-40B9-9453-8D564D9A99EC}"
EndProject
Project("{FAE04EC0-301F-11D3-BF4B-00C04F79EFBC}") = "XGENO.UWP.Controls.CoverFlow", "..\XGENO.UWP.Controls\XGENO.UWP.Controls.CoverFlow\XGENO.UWP.Controls.CoverFlow\XGENO.UWP.Controls.CoverFlow.csproj", "{6BCD76F7-6435-48BA-AF2B-9EB7A0EA7BAF}"
EndProject
Project("{FAE04EC0-301F-11D3-BF4B-00C04F79EFBC}") = "XGENO.UWP.Controls.FWButton", "..\XGENO.UWP.Controls\XGENO.UWP.Controls.FWButton\XGENO.UWP.Controls.FWButton\XGENO.UWP.Controls.FWButton.csproj", "{5410DD53-E6EC-42AC-8079-026715327685}"
EndProject
Project("{FAE04EC0-301F-11D3-BF4B-00C04F79EFBC}") = "XGENO.UWP.Controls.ResponsiveGrid", "..\XGENO.UWP.Controls\XGENO.UWP.Controls.ResponsiveGrid\XGENO.UWP.Controls.ResponsiveGrid\XGENO.UWP.Controls.ResponsiveGrid.csproj", "{9F7D3745-E268-4F93-86F2-D8A4750C2B0D}"
EndProject
Project("{FAE04EC0-301F-11D3-BF4B-00C04F79EFBC}") = "XGENO.UWP.Controls.Composition", "..\XGENO.UWP.Controls\XGENO.UWP.Controls.Composition\XGENO.UWP.Controls.Composition\XGENO.UWP.Controls.Composition.csproj", "{10ABCDBC-F5E4-4744-96F0-B9898D8194F7}"
EndProject
Project("{FAE04EC0-301F-11D3-BF4B-00C04F79EFBC}") = "XGENO.UWP.Controls.DropShadowPanel", "..\XGENO.UWP.Controls\XGENO.UWP.Controls.DropShadowPanel\XGENO.UWP.Controls.DropShadowPanel\XGENO.UWP.Controls.DropShadowPanel.csproj", "{93E52A19-41A0-41DC-A343-7167CF18EA4A}"
EndProject
Project("{FAE04EC0-301F-11D3-BF4B-00C04F79EFBC}") = "XGENO.SeriesTracker.BackgroundTasks", "XGENO.SeriesTracker.BackgroundTasks\XGENO.SeriesTracker.BackgroundTasks.csproj", "{1A92EF25-FBFE-4538-AB5D-DF02763D38C6}"
EndProject
Global
	GlobalSection(SolutionConfigurationPlatforms) = preSolution
		Debug|Any CPU = Debug|Any CPU
		Debug|ARM = Debug|ARM
		Debug|x64 = Debug|x64
		Debug|x86 = Debug|x86
		Release|Any CPU = Release|Any CPU
		Release|ARM = Release|ARM
		Release|x64 = Release|x64
		Release|x86 = Release|x86
	EndGlobalSection
	GlobalSection(ProjectConfigurationPlatforms) = postSolution
		{750E9D1D-41B6-41F2-B76C-5BA36CAF3D97}.Debug|Any CPU.ActiveCfg = Debug|x86
		{750E9D1D-41B6-41F2-B76C-5BA36CAF3D97}.Debug|ARM.ActiveCfg = Debug|ARM
		{750E9D1D-41B6-41F2-B76C-5BA36CAF3D97}.Debug|ARM.Build.0 = Debug|ARM
		{750E9D1D-41B6-41F2-B76C-5BA36CAF3D97}.Debug|ARM.Deploy.0 = Debug|ARM
		{750E9D1D-41B6-41F2-B76C-5BA36CAF3D97}.Debug|x64.ActiveCfg = Debug|x64
		{750E9D1D-41B6-41F2-B76C-5BA36CAF3D97}.Debug|x64.Build.0 = Debug|x64
		{750E9D1D-41B6-41F2-B76C-5BA36CAF3D97}.Debug|x64.Deploy.0 = Debug|x64
		{750E9D1D-41B6-41F2-B76C-5BA36CAF3D97}.Debug|x86.ActiveCfg = Debug|x86
		{750E9D1D-41B6-41F2-B76C-5BA36CAF3D97}.Debug|x86.Build.0 = Debug|x86
		{750E9D1D-41B6-41F2-B76C-5BA36CAF3D97}.Debug|x86.Deploy.0 = Debug|x86
		{750E9D1D-41B6-41F2-B76C-5BA36CAF3D97}.Release|Any CPU.ActiveCfg = Release|x86
		{750E9D1D-41B6-41F2-B76C-5BA36CAF3D97}.Release|ARM.ActiveCfg = Release|ARM
		{750E9D1D-41B6-41F2-B76C-5BA36CAF3D97}.Release|ARM.Build.0 = Release|ARM
		{750E9D1D-41B6-41F2-B76C-5BA36CAF3D97}.Release|ARM.Deploy.0 = Release|ARM
		{750E9D1D-41B6-41F2-B76C-5BA36CAF3D97}.Release|x64.ActiveCfg = Release|x64
		{750E9D1D-41B6-41F2-B76C-5BA36CAF3D97}.Release|x64.Build.0 = Release|x64
		{750E9D1D-41B6-41F2-B76C-5BA36CAF3D97}.Release|x64.Deploy.0 = Release|x64
		{750E9D1D-41B6-41F2-B76C-5BA36CAF3D97}.Release|x86.ActiveCfg = Release|x86
		{750E9D1D-41B6-41F2-B76C-5BA36CAF3D97}.Release|x86.Build.0 = Release|x86
		{750E9D1D-41B6-41F2-B76C-5BA36CAF3D97}.Release|x86.Deploy.0 = Release|x86
		{4A2B7FE9-5DEE-4062-B478-61006DA2E57A}.Debug|Any CPU.ActiveCfg = Debug|Any CPU
		{4A2B7FE9-5DEE-4062-B478-61006DA2E57A}.Debug|Any CPU.Build.0 = Debug|Any CPU
		{4A2B7FE9-5DEE-4062-B478-61006DA2E57A}.Debug|ARM.ActiveCfg = Debug|ARM
		{4A2B7FE9-5DEE-4062-B478-61006DA2E57A}.Debug|ARM.Build.0 = Debug|ARM
		{4A2B7FE9-5DEE-4062-B478-61006DA2E57A}.Debug|x64.ActiveCfg = Debug|x64
		{4A2B7FE9-5DEE-4062-B478-61006DA2E57A}.Debug|x64.Build.0 = Debug|x64
		{4A2B7FE9-5DEE-4062-B478-61006DA2E57A}.Debug|x86.ActiveCfg = Debug|x86
		{4A2B7FE9-5DEE-4062-B478-61006DA2E57A}.Debug|x86.Build.0 = Debug|x86
		{4A2B7FE9-5DEE-4062-B478-61006DA2E57A}.Release|Any CPU.ActiveCfg = Release|Any CPU
		{4A2B7FE9-5DEE-4062-B478-61006DA2E57A}.Release|Any CPU.Build.0 = Release|Any CPU
		{4A2B7FE9-5DEE-4062-B478-61006DA2E57A}.Release|ARM.ActiveCfg = Release|ARM
		{4A2B7FE9-5DEE-4062-B478-61006DA2E57A}.Release|ARM.Build.0 = Release|ARM
		{4A2B7FE9-5DEE-4062-B478-61006DA2E57A}.Release|x64.ActiveCfg = Release|x64
		{4A2B7FE9-5DEE-4062-B478-61006DA2E57A}.Release|x64.Build.0 = Release|x64
		{4A2B7FE9-5DEE-4062-B478-61006DA2E57A}.Release|x86.ActiveCfg = Release|x86
		{4A2B7FE9-5DEE-4062-B478-61006DA2E57A}.Release|x86.Build.0 = Release|x86
		{5754945E-EBFF-45B2-8C8C-A9C9709467DC}.Debug|Any CPU.ActiveCfg = Debug|Any CPU
		{5754945E-EBFF-45B2-8C8C-A9C9709467DC}.Debug|Any CPU.Build.0 = Debug|Any CPU
		{5754945E-EBFF-45B2-8C8C-A9C9709467DC}.Debug|ARM.ActiveCfg = Debug|ARM
		{5754945E-EBFF-45B2-8C8C-A9C9709467DC}.Debug|ARM.Build.0 = Debug|ARM
		{5754945E-EBFF-45B2-8C8C-A9C9709467DC}.Debug|x64.ActiveCfg = Debug|x64
		{5754945E-EBFF-45B2-8C8C-A9C9709467DC}.Debug|x64.Build.0 = Debug|x64
		{5754945E-EBFF-45B2-8C8C-A9C9709467DC}.Debug|x86.ActiveCfg = Debug|x86
		{5754945E-EBFF-45B2-8C8C-A9C9709467DC}.Debug|x86.Build.0 = Debug|x86
		{5754945E-EBFF-45B2-8C8C-A9C9709467DC}.Release|Any CPU.ActiveCfg = Release|Any CPU
		{5754945E-EBFF-45B2-8C8C-A9C9709467DC}.Release|Any CPU.Build.0 = Release|Any CPU
		{5754945E-EBFF-45B2-8C8C-A9C9709467DC}.Release|ARM.ActiveCfg = Release|ARM
		{5754945E-EBFF-45B2-8C8C-A9C9709467DC}.Release|ARM.Build.0 = Release|ARM
		{5754945E-EBFF-45B2-8C8C-A9C9709467DC}.Release|x64.ActiveCfg = Release|x64
		{5754945E-EBFF-45B2-8C8C-A9C9709467DC}.Release|x64.Build.0 = Release|x64
		{5754945E-EBFF-45B2-8C8C-A9C9709467DC}.Release|x86.ActiveCfg = Release|x86
		{5754945E-EBFF-45B2-8C8C-A9C9709467DC}.Release|x86.Build.0 = Release|x86
		{DCD26505-40FB-4396-A9FC-92460E709480}.Debug|Any CPU.ActiveCfg = Debug|Win32
		{DCD26505-40FB-4396-A9FC-92460E709480}.Debug|ARM.ActiveCfg = Debug|ARM
		{DCD26505-40FB-4396-A9FC-92460E709480}.Debug|ARM.Build.0 = Debug|ARM
		{DCD26505-40FB-4396-A9FC-92460E709480}.Debug|x64.ActiveCfg = Debug|x64
		{DCD26505-40FB-4396-A9FC-92460E709480}.Debug|x64.Build.0 = Debug|x64
		{DCD26505-40FB-4396-A9FC-92460E709480}.Debug|x86.ActiveCfg = Debug|Win32
		{DCD26505-40FB-4396-A9FC-92460E709480}.Debug|x86.Build.0 = Debug|Win32
		{DCD26505-40FB-4396-A9FC-92460E709480}.Release|Any CPU.ActiveCfg = Release|Win32
		{DCD26505-40FB-4396-A9FC-92460E709480}.Release|ARM.ActiveCfg = Release|ARM
		{DCD26505-40FB-4396-A9FC-92460E709480}.Release|ARM.Build.0 = Release|ARM
		{DCD26505-40FB-4396-A9FC-92460E709480}.Release|x64.ActiveCfg = Release|x64
		{DCD26505-40FB-4396-A9FC-92460E709480}.Release|x64.Build.0 = Release|x64
		{DCD26505-40FB-4396-A9FC-92460E709480}.Release|x86.ActiveCfg = Release|Win32
		{DCD26505-40FB-4396-A9FC-92460E709480}.Release|x86.Build.0 = Release|Win32
		{4E6425E9-BD49-4216-91B4-96759F7EAE4C}.Debug|Any CPU.ActiveCfg = Debug|Any CPU
		{4E6425E9-BD49-4216-91B4-96759F7EAE4C}.Debug|Any CPU.Build.0 = Debug|Any CPU
		{4E6425E9-BD49-4216-91B4-96759F7EAE4C}.Debug|ARM.ActiveCfg = Debug|ARM
		{4E6425E9-BD49-4216-91B4-96759F7EAE4C}.Debug|ARM.Build.0 = Debug|ARM
		{4E6425E9-BD49-4216-91B4-96759F7EAE4C}.Debug|x64.ActiveCfg = Debug|x64
		{4E6425E9-BD49-4216-91B4-96759F7EAE4C}.Debug|x64.Build.0 = Debug|x64
		{4E6425E9-BD49-4216-91B4-96759F7EAE4C}.Debug|x86.ActiveCfg = Debug|x86
		{4E6425E9-BD49-4216-91B4-96759F7EAE4C}.Debug|x86.Build.0 = Debug|x86
		{4E6425E9-BD49-4216-91B4-96759F7EAE4C}.Release|Any CPU.ActiveCfg = Release|Any CPU
		{4E6425E9-BD49-4216-91B4-96759F7EAE4C}.Release|Any CPU.Build.0 = Release|Any CPU
		{4E6425E9-BD49-4216-91B4-96759F7EAE4C}.Release|ARM.ActiveCfg = Release|ARM
		{4E6425E9-BD49-4216-91B4-96759F7EAE4C}.Release|ARM.Build.0 = Release|ARM
		{4E6425E9-BD49-4216-91B4-96759F7EAE4C}.Release|x64.ActiveCfg = Release|x64
		{4E6425E9-BD49-4216-91B4-96759F7EAE4C}.Release|x64.Build.0 = Release|x64
		{4E6425E9-BD49-4216-91B4-96759F7EAE4C}.Release|x86.ActiveCfg = Release|x86
		{4E6425E9-BD49-4216-91B4-96759F7EAE4C}.Release|x86.Build.0 = Release|x86
		{D010C174-9DF6-45C7-A7AC-00786F7ADAC7}.Debug|Any CPU.ActiveCfg = Debug|Any CPU
		{D010C174-9DF6-45C7-A7AC-00786F7ADAC7}.Debug|Any CPU.Build.0 = Debug|Any CPU
		{D010C174-9DF6-45C7-A7AC-00786F7ADAC7}.Debug|ARM.ActiveCfg = Debug|ARM
		{D010C174-9DF6-45C7-A7AC-00786F7ADAC7}.Debug|ARM.Build.0 = Debug|ARM
		{D010C174-9DF6-45C7-A7AC-00786F7ADAC7}.Debug|x64.ActiveCfg = Debug|x64
		{D010C174-9DF6-45C7-A7AC-00786F7ADAC7}.Debug|x64.Build.0 = Debug|x64
		{D010C174-9DF6-45C7-A7AC-00786F7ADAC7}.Debug|x86.ActiveCfg = Debug|x86
		{D010C174-9DF6-45C7-A7AC-00786F7ADAC7}.Debug|x86.Build.0 = Debug|x86
		{D010C174-9DF6-45C7-A7AC-00786F7ADAC7}.Release|Any CPU.ActiveCfg = Release|Any CPU
		{D010C174-9DF6-45C7-A7AC-00786F7ADAC7}.Release|Any CPU.Build.0 = Release|Any CPU
		{D010C174-9DF6-45C7-A7AC-00786F7ADAC7}.Release|ARM.ActiveCfg = Release|ARM
		{D010C174-9DF6-45C7-A7AC-00786F7ADAC7}.Release|ARM.Build.0 = Release|ARM
		{D010C174-9DF6-45C7-A7AC-00786F7ADAC7}.Release|x64.ActiveCfg = Release|x64
		{D010C174-9DF6-45C7-A7AC-00786F7ADAC7}.Release|x64.Build.0 = Release|x64
		{D010C174-9DF6-45C7-A7AC-00786F7ADAC7}.Release|x86.ActiveCfg = Release|x86
		{D010C174-9DF6-45C7-A7AC-00786F7ADAC7}.Release|x86.Build.0 = Release|x86
		{6EFB79E6-2D9A-4342-B944-5E2F3885CE41}.Debug|Any CPU.ActiveCfg = Debug|Any CPU
		{6EFB79E6-2D9A-4342-B944-5E2F3885CE41}.Debug|Any CPU.Build.0 = Debug|Any CPU
		{6EFB79E6-2D9A-4342-B944-5E2F3885CE41}.Debug|ARM.ActiveCfg = Debug|ARM
		{6EFB79E6-2D9A-4342-B944-5E2F3885CE41}.Debug|ARM.Build.0 = Debug|ARM
		{6EFB79E6-2D9A-4342-B944-5E2F3885CE41}.Debug|x64.ActiveCfg = Debug|x64
		{6EFB79E6-2D9A-4342-B944-5E2F3885CE41}.Debug|x64.Build.0 = Debug|x64
		{6EFB79E6-2D9A-4342-B944-5E2F3885CE41}.Debug|x86.ActiveCfg = Debug|x86
		{6EFB79E6-2D9A-4342-B944-5E2F3885CE41}.Debug|x86.Build.0 = Debug|x86
		{6EFB79E6-2D9A-4342-B944-5E2F3885CE41}.Release|Any CPU.ActiveCfg = Release|Any CPU
		{6EFB79E6-2D9A-4342-B944-5E2F3885CE41}.Release|Any CPU.Build.0 = Release|Any CPU
		{6EFB79E6-2D9A-4342-B944-5E2F3885CE41}.Release|ARM.ActiveCfg = Release|ARM
		{6EFB79E6-2D9A-4342-B944-5E2F3885CE41}.Release|ARM.Build.0 = Release|ARM
		{6EFB79E6-2D9A-4342-B944-5E2F3885CE41}.Release|x64.ActiveCfg = Release|x64
		{6EFB79E6-2D9A-4342-B944-5E2F3885CE41}.Release|x64.Build.0 = Release|x64
		{6EFB79E6-2D9A-4342-B944-5E2F3885CE41}.Release|x86.ActiveCfg = Release|x86
		{6EFB79E6-2D9A-4342-B944-5E2F3885CE41}.Release|x86.Build.0 = Release|x86
		{08A7D060-593A-4978-8DCC-B2029ACA7C95}.Debug|Any CPU.ActiveCfg = Debug|Win32
		{08A7D060-593A-4978-8DCC-B2029ACA7C95}.Debug|ARM.ActiveCfg = Debug|ARM
		{08A7D060-593A-4978-8DCC-B2029ACA7C95}.Debug|ARM.Build.0 = Debug|ARM
		{08A7D060-593A-4978-8DCC-B2029ACA7C95}.Debug|x64.ActiveCfg = Debug|x64
		{08A7D060-593A-4978-8DCC-B2029ACA7C95}.Debug|x64.Build.0 = Debug|x64
		{08A7D060-593A-4978-8DCC-B2029ACA7C95}.Debug|x86.ActiveCfg = Debug|Win32
		{08A7D060-593A-4978-8DCC-B2029ACA7C95}.Debug|x86.Build.0 = Debug|Win32
		{08A7D060-593A-4978-8DCC-B2029ACA7C95}.Release|Any CPU.ActiveCfg = Release|Win32
		{08A7D060-593A-4978-8DCC-B2029ACA7C95}.Release|ARM.ActiveCfg = Release|ARM
		{08A7D060-593A-4978-8DCC-B2029ACA7C95}.Release|ARM.Build.0 = Release|ARM
		{08A7D060-593A-4978-8DCC-B2029ACA7C95}.Release|x64.ActiveCfg = Release|x64
		{08A7D060-593A-4978-8DCC-B2029ACA7C95}.Release|x64.Build.0 = Release|x64
		{08A7D060-593A-4978-8DCC-B2029ACA7C95}.Release|x86.ActiveCfg = Release|Win32
		{08A7D060-593A-4978-8DCC-B2029ACA7C95}.Release|x86.Build.0 = Release|Win32
		{5338A55C-F7F2-40B9-9453-8D564D9A99EC}.Debug|Any CPU.ActiveCfg = Debug|Any CPU
		{5338A55C-F7F2-40B9-9453-8D564D9A99EC}.Debug|Any CPU.Build.0 = Debug|Any CPU
		{5338A55C-F7F2-40B9-9453-8D564D9A99EC}.Debug|ARM.ActiveCfg = Debug|ARM
		{5338A55C-F7F2-40B9-9453-8D564D9A99EC}.Debug|ARM.Build.0 = Debug|ARM
		{5338A55C-F7F2-40B9-9453-8D564D9A99EC}.Debug|x64.ActiveCfg = Debug|x64
		{5338A55C-F7F2-40B9-9453-8D564D9A99EC}.Debug|x64.Build.0 = Debug|x64
		{5338A55C-F7F2-40B9-9453-8D564D9A99EC}.Debug|x86.ActiveCfg = Debug|x86
		{5338A55C-F7F2-40B9-9453-8D564D9A99EC}.Debug|x86.Build.0 = Debug|x86
		{5338A55C-F7F2-40B9-9453-8D564D9A99EC}.Release|Any CPU.ActiveCfg = Release|Any CPU
		{5338A55C-F7F2-40B9-9453-8D564D9A99EC}.Release|Any CPU.Build.0 = Release|Any CPU
		{5338A55C-F7F2-40B9-9453-8D564D9A99EC}.Release|ARM.ActiveCfg = Release|ARM
		{5338A55C-F7F2-40B9-9453-8D564D9A99EC}.Release|ARM.Build.0 = Release|ARM
		{5338A55C-F7F2-40B9-9453-8D564D9A99EC}.Release|x64.ActiveCfg = Release|x64
		{5338A55C-F7F2-40B9-9453-8D564D9A99EC}.Release|x64.Build.0 = Release|x64
		{5338A55C-F7F2-40B9-9453-8D564D9A99EC}.Release|x86.ActiveCfg = Release|x86
		{5338A55C-F7F2-40B9-9453-8D564D9A99EC}.Release|x86.Build.0 = Release|x86
		{6BCD76F7-6435-48BA-AF2B-9EB7A0EA7BAF}.Debug|Any CPU.ActiveCfg = Debug|Any CPU
		{6BCD76F7-6435-48BA-AF2B-9EB7A0EA7BAF}.Debug|Any CPU.Build.0 = Debug|Any CPU
		{6BCD76F7-6435-48BA-AF2B-9EB7A0EA7BAF}.Debug|ARM.ActiveCfg = Debug|ARM
		{6BCD76F7-6435-48BA-AF2B-9EB7A0EA7BAF}.Debug|ARM.Build.0 = Debug|ARM
		{6BCD76F7-6435-48BA-AF2B-9EB7A0EA7BAF}.Debug|x64.ActiveCfg = Debug|x64
		{6BCD76F7-6435-48BA-AF2B-9EB7A0EA7BAF}.Debug|x64.Build.0 = Debug|x64
		{6BCD76F7-6435-48BA-AF2B-9EB7A0EA7BAF}.Debug|x86.ActiveCfg = Debug|x86
		{6BCD76F7-6435-48BA-AF2B-9EB7A0EA7BAF}.Debug|x86.Build.0 = Debug|x86
		{6BCD76F7-6435-48BA-AF2B-9EB7A0EA7BAF}.Release|Any CPU.ActiveCfg = Release|Any CPU
		{6BCD76F7-6435-48BA-AF2B-9EB7A0EA7BAF}.Release|Any CPU.Build.0 = Release|Any CPU
		{6BCD76F7-6435-48BA-AF2B-9EB7A0EA7BAF}.Release|ARM.ActiveCfg = Release|ARM
		{6BCD76F7-6435-48BA-AF2B-9EB7A0EA7BAF}.Release|ARM.Build.0 = Release|ARM
		{6BCD76F7-6435-48BA-AF2B-9EB7A0EA7BAF}.Release|x64.ActiveCfg = Release|x64
		{6BCD76F7-6435-48BA-AF2B-9EB7A0EA7BAF}.Release|x64.Build.0 = Release|x64
		{6BCD76F7-6435-48BA-AF2B-9EB7A0EA7BAF}.Release|x86.ActiveCfg = Release|x86
		{6BCD76F7-6435-48BA-AF2B-9EB7A0EA7BAF}.Release|x86.Build.0 = Release|x86
		{5410DD53-E6EC-42AC-8079-026715327685}.Debug|Any CPU.ActiveCfg = Debug|Any CPU
		{5410DD53-E6EC-42AC-8079-026715327685}.Debug|Any CPU.Build.0 = Debug|Any CPU
		{5410DD53-E6EC-42AC-8079-026715327685}.Debug|ARM.ActiveCfg = Debug|ARM
		{5410DD53-E6EC-42AC-8079-026715327685}.Debug|ARM.Build.0 = Debug|ARM
		{5410DD53-E6EC-42AC-8079-026715327685}.Debug|x64.ActiveCfg = Debug|x64
		{5410DD53-E6EC-42AC-8079-026715327685}.Debug|x64.Build.0 = Debug|x64
		{5410DD53-E6EC-42AC-8079-026715327685}.Debug|x86.ActiveCfg = Debug|x86
		{5410DD53-E6EC-42AC-8079-026715327685}.Debug|x86.Build.0 = Debug|x86
		{5410DD53-E6EC-42AC-8079-026715327685}.Release|Any CPU.ActiveCfg = Release|Any CPU
		{5410DD53-E6EC-42AC-8079-026715327685}.Release|Any CPU.Build.0 = Release|Any CPU
		{5410DD53-E6EC-42AC-8079-026715327685}.Release|ARM.ActiveCfg = Release|ARM
		{5410DD53-E6EC-42AC-8079-026715327685}.Release|ARM.Build.0 = Release|ARM
		{5410DD53-E6EC-42AC-8079-026715327685}.Release|x64.ActiveCfg = Release|x64
		{5410DD53-E6EC-42AC-8079-026715327685}.Release|x64.Build.0 = Release|x64
		{5410DD53-E6EC-42AC-8079-026715327685}.Release|x86.ActiveCfg = Release|x86
		{5410DD53-E6EC-42AC-8079-026715327685}.Release|x86.Build.0 = Release|x86
		{9F7D3745-E268-4F93-86F2-D8A4750C2B0D}.Debug|Any CPU.ActiveCfg = Debug|Any CPU
		{9F7D3745-E268-4F93-86F2-D8A4750C2B0D}.Debug|Any CPU.Build.0 = Debug|Any CPU
		{9F7D3745-E268-4F93-86F2-D8A4750C2B0D}.Debug|ARM.ActiveCfg = Debug|ARM
		{9F7D3745-E268-4F93-86F2-D8A4750C2B0D}.Debug|ARM.Build.0 = Debug|ARM
		{9F7D3745-E268-4F93-86F2-D8A4750C2B0D}.Debug|x64.ActiveCfg = Debug|x64
		{9F7D3745-E268-4F93-86F2-D8A4750C2B0D}.Debug|x64.Build.0 = Debug|x64
		{9F7D3745-E268-4F93-86F2-D8A4750C2B0D}.Debug|x86.ActiveCfg = Debug|x86
		{9F7D3745-E268-4F93-86F2-D8A4750C2B0D}.Debug|x86.Build.0 = Debug|x86
		{9F7D3745-E268-4F93-86F2-D8A4750C2B0D}.Release|Any CPU.ActiveCfg = Release|Any CPU
		{9F7D3745-E268-4F93-86F2-D8A4750C2B0D}.Release|Any CPU.Build.0 = Release|Any CPU
		{9F7D3745-E268-4F93-86F2-D8A4750C2B0D}.Release|ARM.ActiveCfg = Release|ARM
		{9F7D3745-E268-4F93-86F2-D8A4750C2B0D}.Release|ARM.Build.0 = Release|ARM
		{9F7D3745-E268-4F93-86F2-D8A4750C2B0D}.Release|x64.ActiveCfg = Release|x64
		{9F7D3745-E268-4F93-86F2-D8A4750C2B0D}.Release|x64.Build.0 = Release|x64
		{9F7D3745-E268-4F93-86F2-D8A4750C2B0D}.Release|x86.ActiveCfg = Release|x86
		{9F7D3745-E268-4F93-86F2-D8A4750C2B0D}.Release|x86.Build.0 = Release|x86
		{10ABCDBC-F5E4-4744-96F0-B9898D8194F7}.Debug|Any CPU.ActiveCfg = Debug|Any CPU
		{10ABCDBC-F5E4-4744-96F0-B9898D8194F7}.Debug|Any CPU.Build.0 = Debug|Any CPU
		{10ABCDBC-F5E4-4744-96F0-B9898D8194F7}.Debug|ARM.ActiveCfg = Debug|ARM
		{10ABCDBC-F5E4-4744-96F0-B9898D8194F7}.Debug|ARM.Build.0 = Debug|ARM
		{10ABCDBC-F5E4-4744-96F0-B9898D8194F7}.Debug|x64.ActiveCfg = Debug|x64
		{10ABCDBC-F5E4-4744-96F0-B9898D8194F7}.Debug|x64.Build.0 = Debug|x64
		{10ABCDBC-F5E4-4744-96F0-B9898D8194F7}.Debug|x86.ActiveCfg = Debug|x86
		{10ABCDBC-F5E4-4744-96F0-B9898D8194F7}.Debug|x86.Build.0 = Debug|x86
		{10ABCDBC-F5E4-4744-96F0-B9898D8194F7}.Release|Any CPU.ActiveCfg = Release|Any CPU
		{10ABCDBC-F5E4-4744-96F0-B9898D8194F7}.Release|Any CPU.Build.0 = Release|Any CPU
		{10ABCDBC-F5E4-4744-96F0-B9898D8194F7}.Release|ARM.ActiveCfg = Release|ARM
		{10ABCDBC-F5E4-4744-96F0-B9898D8194F7}.Release|ARM.Build.0 = Release|ARM
		{10ABCDBC-F5E4-4744-96F0-B9898D8194F7}.Release|x64.ActiveCfg = Release|x64
		{10ABCDBC-F5E4-4744-96F0-B9898D8194F7}.Release|x64.Build.0 = Release|x64
		{10ABCDBC-F5E4-4744-96F0-B9898D8194F7}.Release|x86.ActiveCfg = Release|x86
		{10ABCDBC-F5E4-4744-96F0-B9898D8194F7}.Release|x86.Build.0 = Release|x86
		{93E52A19-41A0-41DC-A343-7167CF18EA4A}.Debug|Any CPU.ActiveCfg = Debug|Any CPU
		{93E52A19-41A0-41DC-A343-7167CF18EA4A}.Debug|Any CPU.Build.0 = Debug|Any CPU
		{93E52A19-41A0-41DC-A343-7167CF18EA4A}.Debug|ARM.ActiveCfg = Debug|ARM
		{93E52A19-41A0-41DC-A343-7167CF18EA4A}.Debug|ARM.Build.0 = Debug|ARM
		{93E52A19-41A0-41DC-A343-7167CF18EA4A}.Debug|x64.ActiveCfg = Debug|x64
		{93E52A19-41A0-41DC-A343-7167CF18EA4A}.Debug|x64.Build.0 = Debug|x64
		{93E52A19-41A0-41DC-A343-7167CF18EA4A}.Debug|x86.ActiveCfg = Debug|x86
		{93E52A19-41A0-41DC-A343-7167CF18EA4A}.Debug|x86.Build.0 = Debug|x86
		{93E52A19-41A0-41DC-A343-7167CF18EA4A}.Release|Any CPU.ActiveCfg = Release|Any CPU
		{93E52A19-41A0-41DC-A343-7167CF18EA4A}.Release|Any CPU.Build.0 = Release|Any CPU
		{93E52A19-41A0-41DC-A343-7167CF18EA4A}.Release|ARM.ActiveCfg = Release|ARM
		{93E52A19-41A0-41DC-A343-7167CF18EA4A}.Release|ARM.Build.0 = Release|ARM
		{93E52A19-41A0-41DC-A343-7167CF18EA4A}.Release|x64.ActiveCfg = Release|x64
		{93E52A19-41A0-41DC-A343-7167CF18EA4A}.Release|x64.Build.0 = Release|x64
		{93E52A19-41A0-41DC-A343-7167CF18EA4A}.Release|x86.ActiveCfg = Release|x86
		{93E52A19-41A0-41DC-A343-7167CF18EA4A}.Release|x86.Build.0 = Release|x86
		{1A92EF25-FBFE-4538-AB5D-DF02763D38C6}.Debug|Any CPU.ActiveCfg = Debug|Any CPU
		{1A92EF25-FBFE-4538-AB5D-DF02763D38C6}.Debug|Any CPU.Build.0 = Debug|Any CPU
		{1A92EF25-FBFE-4538-AB5D-DF02763D38C6}.Debug|ARM.ActiveCfg = Debug|ARM
		{1A92EF25-FBFE-4538-AB5D-DF02763D38C6}.Debug|ARM.Build.0 = Debug|ARM
		{1A92EF25-FBFE-4538-AB5D-DF02763D38C6}.Debug|x64.ActiveCfg = Debug|x64
		{1A92EF25-FBFE-4538-AB5D-DF02763D38C6}.Debug|x64.Build.0 = Debug|x64
		{1A92EF25-FBFE-4538-AB5D-DF02763D38C6}.Debug|x86.ActiveCfg = Debug|x86
		{1A92EF25-FBFE-4538-AB5D-DF02763D38C6}.Debug|x86.Build.0 = Debug|x86
		{1A92EF25-FBFE-4538-AB5D-DF02763D38C6}.Release|Any CPU.ActiveCfg = Release|Any CPU
		{1A92EF25-FBFE-4538-AB5D-DF02763D38C6}.Release|Any CPU.Build.0 = Release|Any CPU
		{1A92EF25-FBFE-4538-AB5D-DF02763D38C6}.Release|ARM.ActiveCfg = Release|ARM
		{1A92EF25-FBFE-4538-AB5D-DF02763D38C6}.Release|ARM.Build.0 = Release|ARM
		{1A92EF25-FBFE-4538-AB5D-DF02763D38C6}.Release|x64.ActiveCfg = Release|x64
		{1A92EF25-FBFE-4538-AB5D-DF02763D38C6}.Release|x64.Build.0 = Release|x64
		{1A92EF25-FBFE-4538-AB5D-DF02763D38C6}.Release|x86.ActiveCfg = Release|x86
		{1A92EF25-FBFE-4538-AB5D-DF02763D38C6}.Release|x86.Build.0 = Release|x86
	EndGlobalSection
	GlobalSection(SolutionProperties) = preSolution
		HideSolutionNode = FALSE
	EndGlobalSection
EndGlobal
